{
	"name": "homebridge-mnet",
	"version": "1.0.0",
	"lockfileVersion": 1,
	"requires": true,
	"dependencies": {
		"ansi-regex": {
			"version": "2.1.1",
			"resolved": "https://netom.ixtlan-team.si/artifactory/api/npm/ixtlan-npm/ansi-regex/-/ansi-regex-2.1.1.tgz",
			"integrity": "sha1-w7M6te42DYbg5ijwRorn7yfWVN8="
		},
		"ansi-styles": {
			"version": "2.2.1",
			"resolved": "https://netom.ixtlan-team.si/artifactory/api/npm/ixtlan-npm/ansi-styles/-/ansi-styles-2.2.1.tgz",
			"integrity": "sha1-tDLdM1i2NM914eRmQ2gkBTPB3b4="
		},
		"array-flatten": {
			"version": "2.1.1",
			"resolved": "https://netom.ixtlan-team.si/artifactory/api/npm/ixtlan-npm/array-flatten/-/array-flatten-2.1.1.tgz",
			"integrity": "sha1-Qmu52oQJDBg42BLIFQryCoMx4pY="
		},
		"bindings": {
			"version": "1.3.0",
			"resolved": "https://netom.ixtlan-team.si/artifactory/api/npm/ixtlan-npm/bindings/-/bindings-1.3.0.tgz",
			"integrity": "sha1-s0b27PapX1qBXFg5/HzbIlAvHtc="
		},
		"bonjour-hap": {
			"version": "3.5.1",
			"resolved": "https://netom.ixtlan-team.si/artifactory/api/npm/ixtlan-npm/bonjour-hap/-/bonjour-hap-3.5.1.tgz",
			"integrity": "sha1-JRkgG9CzAuDTmfnWYZAV19bWRD4=",
			"requires": {
				"array-flatten": "2.1.1",
				"deep-equal": "1.0.1",
				"dns-equal": "1.0.0",
				"dns-txt": "2.0.2",
				"multicast-dns": "6.2.3",
				"multicast-dns-service-types": "1.1.0"
			}
		},
		"buffer-indexof": {
			"version": "1.1.1",
			"resolved": "https://netom.ixtlan-team.si/artifactory/api/npm/ixtlan-npm/buffer-indexof/-/buffer-indexof-1.1.1.tgz",
			"integrity": "sha1-Uvq8xqYG0aADAoAmSO9o9jnaJow="
		},
		"buffer-shims": {
			"version": "1.0.0",
			"resolved": "https://netom.ixtlan-team.si/artifactory/api/npm/ixtlan-npm/buffer-shims/-/buffer-shims-1.0.0.tgz",
			"integrity": "sha1-mXjOMXOIxkmth5MCjDR37wRKi1E="
		},
		"chalk": {
			"version": "1.1.3",
			"resolved": "https://netom.ixtlan-team.si/artifactory/api/npm/ixtlan-npm/chalk/-/chalk-1.1.3.tgz",
			"integrity": "sha1-qBFcVeSnAv5NFQq9OHKCKn4J/Jg=",
			"requires": {
				"ansi-styles": "2.2.1",
				"escape-string-regexp": "1.0.5",
				"has-ansi": "2.0.0",
				"strip-ansi": "3.0.1",
				"supports-color": "2.0.0"
			}
		},
		"commander": {
			"version": "2.8.1",
			"resolved": "https://netom.ixtlan-team.si/artifactory/api/npm/ixtlan-npm/commander/-/commander-2.8.1.tgz",
			"integrity": "sha1-Br42f+v9oMMwqh4qBy09yXYkJdQ=",
			"requires": {
				"graceful-readlink": "1.0.1"
			}
		},
		"curve25519-n": {
			"version": "1.4.0",
			"resolved": "https://netom.ixtlan-team.si/artifactory/api/npm/ixtlan-npm/curve25519-n/-/curve25519-n-1.4.0.tgz",
			"integrity": "sha1-sbQZvbWIXydO/oeyU0cTMytkQXI=",
			"requires": {
				"bindings": "1.3.0",
				"nan": "2.10.0"
			}
		},
		"debug": {
			"version": "2.6.9",
			"resolved": "https://netom.ixtlan-team.si/artifactory/api/npm/ixtlan-npm/debug/-/debug-2.6.9.tgz",
			"integrity": "sha1-XRKFFd8TT/Mn6QpMk/Tgd6U2NB8=",
			"requires": {
				"ms": "2.0.0"
			}
		},
		"decimal.js": {
			"version": "7.5.1",
			"resolved": "https://netom.ixtlan-team.si/artifactory/api/npm/ixtlan-npm/decimal.js/-/decimal.js-7.5.1.tgz",
			"integrity": "sha1-z0z17rn6ok/E7mrzYfrrt7/Mos4="
		},
		"deep-diff": {
			"version": "1.0.1",
			"resolved": "https://netom.ixtlan-team.si/artifactory/api/npm/ixtlan-npm/deep-diff/-/deep-diff-1.0.1.tgz",
			"integrity": "sha1-rEN6aR6IuvQgW4OuGqCVoTxsEKw="
		},
		"deep-equal": {
			"version": "1.0.1",
			"resolved": "https://netom.ixtlan-team.si/artifactory/api/npm/ixtlan-npm/deep-equal/-/deep-equal-1.0.1.tgz",
			"integrity": "sha1-9dJgKStmDghO/0zbyfCK0yR0SLU="
		},
		"dns-equal": {
			"version": "1.0.0",
			"resolved": "https://netom.ixtlan-team.si/artifactory/api/npm/ixtlan-npm/dns-equal/-/dns-equal-1.0.0.tgz",
			"integrity": "sha1-s55/HabrCnW6nBcySzR1PEfgZU0="
		},
		"dns-packet": {
			"version": "1.3.1",
			"resolved": "https://netom.ixtlan-team.si/artifactory/api/npm/ixtlan-npm/dns-packet/-/dns-packet-1.3.1.tgz",
			"integrity": "sha1-EqpCaYEHW+UAuRDu3NC0fdfe2lo=",
			"requires": {
				"ip": "1.1.5",
				"safe-buffer": "5.1.2"
			}
		},
		"dns-txt": {
			"version": "2.0.2",
			"resolved": "https://netom.ixtlan-team.si/artifactory/api/npm/ixtlan-npm/dns-txt/-/dns-txt-2.0.2.tgz",
			"integrity": "sha1-uR2Ab10nGI5Ks+fRB9iBocxGQrY=",
			"requires": {
				"buffer-indexof": "1.1.1"
			}
		},
		"ed25519-hap": {
			"version": "0.0.5",
			"resolved": "https://netom.ixtlan-team.si/artifactory/api/npm/ixtlan-npm/ed25519-hap/-/ed25519-hap-0.0.5.tgz",
			"integrity": "sha1-kDJf09SJ78xqgaeUh1ihymRK8Ng=",
			"requires": {
				"bindings": "1.3.0",
				"nan": "2.10.0"
			}
		},
		"escape-string-regexp": {
			"version": "1.0.5",
			"resolved": "https://netom.ixtlan-team.si/artifactory/api/npm/ixtlan-npm/escape-string-regexp/-/escape-string-regexp-1.0.5.tgz",
			"integrity": "sha1-G2HAViGQqN/2rjuyzwIAyhMLhtQ="
		},
		"fast-srp-hap": {
			"version": "1.0.1",
			"resolved": "https://netom.ixtlan-team.si/artifactory/api/npm/ixtlan-npm/fast-srp-hap/-/fast-srp-hap-1.0.1.tgz",
			"integrity": "sha1-N3Ek0Za8alFXquWze/X6NbtK0tk="
		},
		"graceful-readlink": {
			"version": "1.0.1",
			"resolved": "https://netom.ixtlan-team.si/artifactory/api/npm/ixtlan-npm/graceful-readlink/-/graceful-readlink-1.0.1.tgz",
			"integrity": "sha1-TK+tdrxi8C+gObL5Tpo906ORpyU="
		},
		"hap-nodejs": {
			"version": "0.4.46",
			"resolved": "https://netom.ixtlan-team.si/artifactory/api/npm/ixtlan-npm/hap-nodejs/-/hap-nodejs-0.4.46.tgz",
			"integrity": "sha1-DpeaSqA0Sr8Ui2HRxI9LLwIqPPk=",
			"requires": {
				"bonjour-hap": "3.5.1",
				"buffer-shims": "1.0.0",
				"curve25519-n": "1.4.0",
				"debug": "2.6.9",
				"decimal.js": "7.5.1",
				"ed25519-hap": "0.0.5",
				"fast-srp-hap": "1.0.1",
				"ip": "1.1.5",
				"node-persist": "0.0.11"
			},
			"dependencies": {
				"node-persist": {
					"version": "0.0.11",
					"resolved": "https://netom.ixtlan-team.si/artifactory/api/npm/ixtlan-npm/node-persist/-/node-persist-0.0.11.tgz",
					"integrity": "sha1-1m66Pr72IPB5Uw+nsTB2qQZmWHQ=",
					"requires": {
						"mkdirp": "0.5.1",
						"q": "1.1.2"
					}
				}
			}
		},
		"has-ansi": {
			"version": "2.0.0",
			"resolved": "https://netom.ixtlan-team.si/artifactory/api/npm/ixtlan-npm/has-ansi/-/has-ansi-2.0.0.tgz",
			"integrity": "sha1-NPUEnOHs3ysGSa8+8k5F7TVBbZE=",
			"requires": {
				"ansi-regex": "2.1.1"
			}
		},
		"homebridge": {
			"version": "0.4.42",
			"resolved": "https://netom.ixtlan-team.si/artifactory/api/npm/ixtlan-npm/homebridge/-/homebridge-0.4.42.tgz",
			"integrity": "sha1-C4tTmEWx85pAPcqEpvflrTI4yuQ=",
			"requires": {
				"chalk": "1.1.3",
				"commander": "2.8.1",
				"hap-nodejs": "0.4.46",
				"node-persist": "0.0.8",
				"qrcode-terminal": "0.11.0",
				"semver": "5.0.3"
			}
		},
		"ip": {
			"version": "1.1.5",
			"resolved": "https://netom.ixtlan-team.si/artifactory/api/npm/ixtlan-npm/ip/-/ip-1.1.5.tgz",
			"integrity": "sha1-vd7XARQpCCjAoDnnLvJfWq7ENUo="
		},
		"minimist": {
			"version": "0.0.8",
			"resolved": "https://netom.ixtlan-team.si/artifactory/api/npm/ixtlan-npm/minimist/-/minimist-0.0.8.tgz",
			"integrity": "sha1-hX/Kv8M5fSYluCKCYuhqp6ARsF0="
		},
		"mkdirp": {
			"version": "0.5.1",
			"resolved": "https://netom.ixtlan-team.si/artifactory/api/npm/ixtlan-npm/mkdirp/-/mkdirp-0.5.1.tgz",
			"integrity": "sha1-MAV0OOrGz3+MR2fzhkjWaX11yQM=",
			"requires": {
				"minimist": "0.0.8"
			}
		},
		"ms": {
			"version": "2.0.0",
			"resolved": "https://netom.ixtlan-team.si/artifactory/api/npm/ixtlan-npm/ms/-/ms-2.0.0.tgz",
			"integrity": "sha1-VgiurfwAvmwpAd9fmGF4jeDVl8g="
		},
		"multicast-dns": {
			"version": "6.2.3",
			"resolved": "https://netom.ixtlan-team.si/artifactory/api/npm/ixtlan-npm/multicast-dns/-/multicast-dns-6.2.3.tgz",
			"integrity": "sha1-oOx72QVcQoL3kMPIL04o2zsxsik=",
			"requires": {
				"dns-packet": "1.3.1",
				"thunky": "1.0.2"
			}
		},
		"multicast-dns-service-types": {
			"version": "1.1.0",
			"resolved": "https://netom.ixtlan-team.si/artifactory/api/npm/ixtlan-npm/multicast-dns-service-types/-/multicast-dns-service-types-1.1.0.tgz",
			"integrity": "sha1-iZ8R2WhuXgXLkbNdXw5jt3PPyQE="
		},
		"nan": {
			"version": "2.10.0",
			"resolved": "https://netom.ixtlan-team.si/artifactory/api/npm/ixtlan-npm/nan/-/nan-2.10.0.tgz",
			"integrity": "sha1-ltDNYQ69WNS03pzAxoKM2pnHVI8="
		},
		"node-persist": {
			"version": "0.0.8",
			"resolved": "https://netom.ixtlan-team.si/artifactory/api/npm/ixtlan-npm/node-persist/-/node-persist-0.0.8.tgz",
			"integrity": "sha1-pWxzm8b/2c7vGcDo2JWXkX8Ikkk=",
			"requires": {
				"mkdirp": "0.3.5",
				"q": "1.1.2"
			},
			"dependencies": {
				"mkdirp": {
					"version": "0.3.5",
					"resolved": "https://netom.ixtlan-team.si/artifactory/api/npm/ixtlan-npm/mkdirp/-/mkdirp-0.3.5.tgz",
					"integrity": "sha1-3j5fiWHIjHh+4TaN+EmsRBPsqNc="
				}
			}
		},
		"q": {
			"version": "1.1.2",
			"resolved": "https://netom.ixtlan-team.si/artifactory/api/npm/ixtlan-npm/q/-/q-1.1.2.tgz",
			"integrity": "sha1-Y1fikSBnAdmfGXq4TlforRlvKok="
		},
		"qrcode-terminal": {
			"version": "0.11.0",
			"resolved": "https://netom.ixtlan-team.si/artifactory/api/npm/ixtlan-npm/qrcode-terminal/-/qrcode-terminal-0.11.0.tgz",
			"integrity": "sha1-/8bCii/Av7RwUrR+I/T0RqX7254="
		},
		"safe-buffer": {
			"version": "5.1.2",
			"resolved": "https://netom.ixtlan-team.si/artifactory/api/npm/ixtlan-npm/safe-buffer/-/safe-buffer-5.1.2.tgz",
			"integrity": "sha1-mR7GnSluAxN0fVm9/St0XDX4go0="
		},
		"sax": {
			"version": "1.2.4",
			"resolved": "https://netom.ixtlan-team.si/artifactory/api/npm/ixtlan-npm/sax/-/sax-1.2.4.tgz",
			"integrity": "sha1-KBYjTiN4vdxOU1T6tcqold9xANk="
		},
		"semver": {
			"version": "5.0.3",
			"resolved": "https://netom.ixtlan-team.si/artifactory/api/npm/ixtlan-npm/semver/-/semver-5.0.3.tgz",
			"integrity": "sha1-d0Zt5YnNXTyV8TiqeLxWmjy10no="
		},
		"strip-ansi": {
			"version": "3.0.1",
			"resolved": "https://netom.ixtlan-team.si/artifactory/api/npm/ixtlan-npm/strip-ansi/-/strip-ansi-3.0.1.tgz",
			"integrity": "sha1-ajhfuIU9lS1f8F0Oiq+UJ43GPc8=",
			"requires": {
				"ansi-regex": "2.1.1"
			}
		},
		"supports-color": {
			"version": "2.0.0",
			"resolved": "https://netom.ixtlan-team.si/artifactory/api/npm/ixtlan-npm/supports-color/-/supports-color-2.0.0.tgz",
			"integrity": "sha1-U10EXOa2Nj+kARcIRimZXp3zJMc="
		},
		"thunky": {
			"version": "1.0.2",
			"resolved": "https://netom.ixtlan-team.si/artifactory/api/npm/ixtlan-npm/thunky/-/thunky-1.0.2.tgz",
			"integrity": "sha1-qGLgGOP7HqLsP85dVWBc9X8kc3E="
		},
		"xml2js": {
			"version": "0.4.19",
			"resolved": "https://netom.ixtlan-team.si/artifactory/api/npm/ixtlan-npm/xml2js/-/xml2js-0.4.19.tgz",
			"integrity": "sha1-aGwg8hMgnpSr8NG88e+qKRx4J6c=",
			"requires": {
				"sax": "1.2.4",
				"xmlbuilder": "9.0.7"
			}
		},
		"xmlbuilder": {
			"version": "9.0.7",
			"resolved": "https://netom.ixtlan-team.si/artifactory/api/npm/ixtlan-npm/xmlbuilder/-/xmlbuilder-9.0.7.tgz",
			"integrity": "sha1-Ey7mPS7FVlxVfiD0wi35rKaGsQ0="
		}
	}
}
